// !$*UTF8*$!
{
	archiveVersion = 1;
	classes = {
	};
	objectVersion = 55;
	objects = {

/* Begin PBXBuildFile section */
		A540ECE049A46FD463D07A18 /* Pods_CameraApp.framework in Frameworks */ = {isa = PBXBuildFile; fileRef = FEB59DD1C6787B1A9C21097D /* Pods_CameraApp.framework */; };
		FE194436279141C4003ADF13 /* PhotoCollectionViewCell.swift in Sources */ = {isa = PBXBuildFile; fileRef = FE194435279141C4003ADF13 /* PhotoCollectionViewCell.swift */; };
		FEA5FB232790549A009CC5BC /* PhotoCollectionViewController.swift in Sources */ = {isa = PBXBuildFile; fileRef = FEA5FB222790549A009CC5BC /* PhotoCollectionViewController.swift */; };
		FEB6F8EE2792AA5400323C56 /* FilterService.swift in Sources */ = {isa = PBXBuildFile; fileRef = FEB6F8ED2792AA5400323C56 /* FilterService.swift */; };
		FEE814CA2790490C00B577D0 /* AppDelegate.swift in Sources */ = {isa = PBXBuildFile; fileRef = FEE814C92790490C00B577D0 /* AppDelegate.swift */; };
		FEE814CC2790490C00B577D0 /* SceneDelegate.swift in Sources */ = {isa = PBXBuildFile; fileRef = FEE814CB2790490C00B577D0 /* SceneDelegate.swift */; };
		FEE814CE2790490C00B577D0 /* ViewController.swift in Sources */ = {isa = PBXBuildFile; fileRef = FEE814CD2790490C00B577D0 /* ViewController.swift */; };
		FEE814D12790490C00B577D0 /* Main.storyboard in Resources */ = {isa = PBXBuildFile; fileRef = FEE814CF2790490C00B577D0 /* Main.storyboard */; };
		FEE814D32790490D00B577D0 /* Assets.xcassets in Resources */ = {isa = PBXBuildFile; fileRef = FEE814D22790490D00B577D0 /* Assets.xcassets */; };
		FEE814D62790490D00B577D0 /* LaunchScreen.storyboard in Resources */ = {isa = PBXBuildFile; fileRef = FEE814D42790490D00B577D0 /* LaunchScreen.storyboard */; };
/* End PBXBuildFile section */

/* Begin PBXFileReference section */
		133D26B3FEB80EF2013C5E2B /* Pods-CameraApp.debug.xcconfig */ = {isa = PBXFileReference; includeInIndex = 1; lastKnownFileType = text.xcconfig; name = "Pods-CameraApp.debug.xcconfig"; path = "Target Support Files/Pods-CameraApp/Pods-CameraApp.debug.xcconfig"; sourceTree = "<group>"; };
		530C5212B27678814998A8FF /* Pods-CameraApp.release.xcconfig */ = {isa = PBXFileReference; includeInIndex = 1; lastKnownFileType = text.xcconfig; name = "Pods-CameraApp.release.xcconfig"; path = "Target Support Files/Pods-CameraApp/Pods-CameraApp.release.xcconfig"; sourceTree = "<group>"; };
		FE194435279141C4003ADF13 /* PhotoCollectionViewCell.swift */ = {isa = PBXFileReference; lastKnownFileType = sourcecode.swift; path = PhotoCollectionViewCell.swift; sourceTree = "<group>"; };
		FEA5FB222790549A009CC5BC /* PhotoCollectionViewController.swift */ = {isa = PBXFileReference; lastKnownFileType = sourcecode.swift; path = PhotoCollectionViewController.swift; sourceTree = "<group>"; };
		FEB59DD1C6787B1A9C21097D /* Pods_CameraApp.framework */ = {isa = PBXFileReference; explicitFileType = wrapper.framework; includeInIndex = 0; path = Pods_CameraApp.framework; sourceTree = BUILT_PRODUCTS_DIR; };
		FEB6F8ED2792AA5400323C56 /* FilterService.swift */ = {isa = PBXFileReference; lastKnownFileType = sourcecode.swift; path = FilterService.swift; sourceTree = "<group>"; };
		FEE814C62790490C00B577D0 /* CameraApp.app */ = {isa = PBXFileReference; explicitFileType = wrapper.application; includeInIndex = 0; path = CameraApp.app; sourceTree = BUILT_PRODUCTS_DIR; };
		FEE814C92790490C00B577D0 /* AppDelegate.swift */ = {isa = PBXFileReference; lastKnownFileType = sourcecode.swift; path = AppDelegate.swift; sourceTree = "<group>"; };
		FEE814CB2790490C00B577D0 /* SceneDelegate.swift */ = {isa = PBXFileReference; lastKnownFileType = sourcecode.swift; path = SceneDelegate.swift; sourceTree = "<group>"; };
		FEE814CD2790490C00B577D0 /* ViewController.swift */ = {isa = PBXFileReference; lastKnownFileType = sourcecode.swift; path = ViewController.swift; sourceTree = "<group>"; };
		FEE814D02790490C00B577D0 /* Base */ = {isa = PBXFileReference; lastKnownFileType = file.storyboard; name = Base; path = Base.lproj/Main.storyboard; sourceTree = "<group>"; };
		FEE814D22790490D00B577D0 /* Assets.xcassets */ = {isa = PBXFileReference; lastKnownFileType = folder.assetcatalog; path = Assets.xcassets; sourceTree = "<group>"; };
		FEE814D52790490D00B577D0 /* Base */ = {isa = PBXFileReference; lastKnownFileType = file.storyboard; name = Base; path = Base.lproj/LaunchScreen.storyboard; sourceTree = "<group>"; };
		FEE814D72790490D00B577D0 /* Info.plist */ = {isa = PBXFileReference; lastKnownFileType = text.plist.xml; path = Info.plist; sourceTree = "<group>"; };
/* End PBXFileReference section */

/* Begin PBXFrameworksBuildPhase section */
		FEE814C32790490C00B577D0 /* Frameworks */ = {
			isa = PBXFrameworksBuildPhase;
			buildActionMask = 2147483647;
			files = (
				A540ECE049A46FD463D07A18 /* Pods_CameraApp.framework in Frameworks */,
			);
			runOnlyForDeploymentPostprocessing = 0;
		};
/* End PBXFrameworksBuildPhase section */

/* Begin PBXGroup section */
		8ABE4E59E51EA5C92A978120 /* Frameworks */ = {
			isa = PBXGroup;
			children = (
				FEB59DD1C6787B1A9C21097D /* Pods_CameraApp.framework */,
			);
			name = Frameworks;
			sourceTree = "<group>";
		};
		FBE55C518D1AE386043954BC /* Pods */ = {
			isa = PBXGroup;
			children = (
				133D26B3FEB80EF2013C5E2B /* Pods-CameraApp.debug.xcconfig */,
				530C5212B27678814998A8FF /* Pods-CameraApp.release.xcconfig */,
			);
			path = Pods;
			sourceTree = "<group>";
		};
		FE19443427914199003ADF13 /* Views */ = {
			isa = PBXGroup;
			children = (
				FE194435279141C4003ADF13 /* PhotoCollectionViewCell.swift */,
			);
			path = Views;
			sourceTree = "<group>";
		};
		FEA5FB1E27905442009CC5BC /* ViewControllers */ = {
			isa = PBXGroup;
			children = (
				FEE814CF2790490C00B577D0 /* Main.storyboard */,
				FEE814CD2790490C00B577D0 /* ViewController.swift */,
				FEA5FB222790549A009CC5BC /* PhotoCollectionViewController.swift */,
			);
			path = ViewControllers;
			sourceTree = "<group>";
		};
		FEA5FB1F27905457009CC5BC /* AppDelegates */ = {
			isa = PBXGroup;
			children = (
				FEE814C92790490C00B577D0 /* AppDelegate.swift */,
				FEE814CB2790490C00B577D0 /* SceneDelegate.swift */,
			);
			path = AppDelegates;
			sourceTree = "<group>";
		};
		FEA5FB2127905473009CC5BC /* Resources */ = {
			isa = PBXGroup;
			children = (
				FEE814D22790490D00B577D0 /* Assets.xcassets */,
				FEE814D42790490D00B577D0 /* LaunchScreen.storyboard */,
			);
			path = Resources;
			sourceTree = "<group>";
		};
		FEB6F8EC2792AA0500323C56 /* SupportFiles */ = {
			isa = PBXGroup;
			children = (
				FEB6F8ED2792AA5400323C56 /* FilterService.swift */,
			);
			path = SupportFiles;
			sourceTree = "<group>";
		};
		FEE814BD2790490C00B577D0 = {
			isa = PBXGroup;
			children = (
				FEE814C82790490C00B577D0 /* PhotoFilter */,
				FEE814C72790490C00B577D0 /* Products */,
				FBE55C518D1AE386043954BC /* Pods */,
				8ABE4E59E51EA5C92A978120 /* Frameworks */,
			);
			sourceTree = "<group>";
		};
		FEE814C72790490C00B577D0 /* Products */ = {
			isa = PBXGroup;
			children = (
				FEE814C62790490C00B577D0 /* CameraApp.app */,
			);
			name = Products;
			sourceTree = "<group>";
		};
		FEE814C82790490C00B577D0 /* PhotoFilter */ = {
			isa = PBXGroup;
			children = (
				FEE814D72790490D00B577D0 /* Info.plist */,
				FEA5FB2127905473009CC5BC /* Resources */,
				FEA5FB1F27905457009CC5BC /* AppDelegates */,
				FE19443427914199003ADF13 /* Views */,
				FEA5FB1E27905442009CC5BC /* ViewControllers */,
				FEB6F8EC2792AA0500323C56 /* SupportFiles */,
			);
			path = PhotoFilter;
			sourceTree = "<group>";
		};
/* End PBXGroup section */

/* Begin PBXNativeTarget section */
		FEE814C52790490C00B577D0 /* CameraApp */ = {
			isa = PBXNativeTarget;
			buildConfigurationList = FEE814DA2790490D00B577D0 /* Build configuration list for PBXNativeTarget "CameraApp" */;
			buildPhases = (
				AF953B77D57EAB4CB2036722 /* [CP] Check Pods Manifest.lock */,
				FEE814C22790490C00B577D0 /* Sources */,
				FEE814C32790490C00B577D0 /* Frameworks */,
				FEE814C42790490C00B577D0 /* Resources */,
				2680D0DF552C46512F3B51CC /* [CP] Embed Pods Frameworks */,
			);
			buildRules = (
			);
			dependencies = (
			);
			name = CameraApp;
			productName = CameraApp;
			productReference = FEE814C62790490C00B577D0 /* CameraApp.app */;
			productType = "com.apple.product-type.application";
		};
/* End PBXNativeTarget section */

/* Begin PBXProject section */
		FEE814BE2790490C00B577D0 /* Project object */ = {
			isa = PBXProject;
			attributes = {
				BuildIndependentTargetsInParallel = 1;
				LastSwiftUpdateCheck = 1320;
				LastUpgradeCheck = 1320;
				TargetAttributes = {
					FEE814C52790490C00B577D0 = {
						CreatedOnToolsVersion = 13.2.1;
					};
				};
			};
			buildConfigurationList = FEE814C12790490C00B577D0 /* Build configuration list for PBXProject "PhotoFilter" */;
			compatibilityVersion = "Xcode 13.0";
			developmentRegion = en;
			hasScannedForEncodings = 0;
			knownRegions = (
				en,
				Base,
			);
			mainGroup = FEE814BD2790490C00B577D0;
			productRefGroup = FEE814C72790490C00B577D0 /* Products */;
			projectDirPath = "";
			projectRoot = "";
			targets = (
				FEE814C52790490C00B577D0 /* CameraApp */,
			);
		};
/* End PBXProject section */

/* Begin PBXResourcesBuildPhase section */
		FEE814C42790490C00B577D0 /* Resources */ = {
			isa = PBXResourcesBuildPhase;
			buildActionMask = 2147483647;
			files = (
				FEE814D62790490D00B577D0 /* LaunchScreen.storyboard in Resources */,
				FEE814D32790490D00B577D0 /* Assets.xcassets in Resources */,
				FEE814D12790490C00B577D0 /* Main.storyboard in Resources */,
			);
			runOnlyForDeploymentPostprocessing = 0;
		};
/* End PBXResourcesBuildPhase section */

/* Begin PBXShellScriptBuildPhase section */
		2680D0DF552C46512F3B51CC /* [CP] Embed Pods Frameworks */ = {
			isa = PBXShellScriptBuildPhase;
			buildActionMask = 2147483647;
			files = (
			);
			inputFileListPaths = (
				"${PODS_ROOT}/Target Support Files/Pods-CameraApp/Pods-CameraApp-frameworks-${CONFIGURATION}-input-files.xcfilelist",
			);
			name = "[CP] Embed Pods Frameworks";
			outputFileListPaths = (
				"${PODS_ROOT}/Target Support Files/Pods-CameraApp/Pods-CameraApp-frameworks-${CONFIGURATION}-output-files.xcfilelist",
			);
			runOnlyForDeploymentPostprocessing = 0;
			shellPath = /bin/sh;
			shellScript = "\"${PODS_ROOT}/Target Support Files/Pods-CameraApp/Pods-CameraApp-frameworks.sh\"\n";
			showEnvVarsInLog = 0;
		};
		AF953B77D57EAB4CB2036722 /* [CP] Check Pods Manifest.lock */ = {
			isa = PBXShellScriptBuildPhase;
			buildActionMask = 2147483647;
			files = (
			);
			inputFileListPaths = (
			);
			inputPaths = (
				"${PODS_PODFILE_DIR_PATH}/Podfile.lock",
				"${PODS_ROOT}/Manifest.lock",
			);
			name = "[CP] Check Pods Manifest.lock";
			outputFileListPaths = (
			);
			outputPaths = (
				"$(DERIVED_FILE_DIR)/Pods-CameraApp-checkManifestLockResult.txt",
			);
			runOnlyForDeploymentPostprocessing = 0;
			shellPath = /bin/sh;
			shellScript = "diff \"${PODS_PODFILE_DIR_PATH}/Podfile.lock\" \"${PODS_ROOT}/Manifest.lock\" > /dev/null\nif [ $? != 0 ] ; then\n    # print error to STDERR\n    echo \"error: The sandbox is not in sync with the Podfile.lock. Run 'pod install' or update your CocoaPods installation.\" >&2\n    exit 1\nfi\n# This output is used by Xcode 'outputs' to avoid re-running this script phase.\necho \"SUCCESS\" > \"${SCRIPT_OUTPUT_FILE_0}\"\n";
			showEnvVarsInLog = 0;
		};
/* End PBXShellScriptBuildPhase section */

/* Begin PBXSourcesBuildPhase section */
		FEE814C22790490C00B577D0 /* Sources */ = {
			isa = PBXSourcesBuildPhase;
			buildActionMask = 2147483647;
			files = (
				FEE814CE2790490C00B577D0 /* ViewController.swift in Sources */,
				FE194436279141C4003ADF13 /* PhotoCollectionViewCell.swift in Sources */,
				FEE814CA2790490C00B577D0 /* AppDelegate.swift in Sources */,
				FEB6F8EE2792AA5400323C56 /* FilterService.swift in Sources */,
				FEE814CC2790490C00B577D0 /* SceneDelegate.swift in Sources */,
				FEA5FB232790549A009CC5BC /* PhotoCollectionViewController.swift in Sources */,
			);
			runOnlyForDeploymentPostprocessing = 0;
		};
/* End PBXSourcesBuildPhase section */

/* Begin PBXVariantGroup section */
		FEE814CF2790490C00B577D0 /* Main.storyboard */ = {
			isa = PBXVariantGroup;
			children = (
				FEE814D02790490C00B577D0 /* Base */,
			);
			name = Main.storyboard;
			sourceTree = "<group>";
		};
		FEE814D42790490D00B577D0 /* LaunchScreen.storyboard */ = {
			isa = PBXVariantGroup;
			children = (
				FEE814D52790490D00B577D0 /* Base */,
			);
			name = LaunchScreen.storyboard;
			sourceTree = "<group>";
		};
/* End PBXVariantGroup section */

/* Begin XCBuildConfiguration section */
		FEE814D82790490D00B577D0 /* Debug */ = {
			isa = XCBuildConfiguration;
			buildSettings = {
				ALWAYS_SEARCH_USER_PATHS = NO;
				CLANG_ANALYZER_NONNULL = YES;
				CLANG_ANALYZER_NUMBER_OBJECT_CONVERSION = YES_AGGRESSIVE;
				CLANG_CXX_LANGUAGE_STANDARD = "gnu++17";
				CLANG_CXX_LIBRARY = "libc++";
				CLANG_ENABLE_MODULES = YES;
				CLANG_ENABLE_OBJC_ARC = YES;
				CLANG_ENABLE_OBJC_WEAK = YES;
				CLANG_WARN_BLOCK_CAPTURE_AUTORELEASING = YES;
				CLANG_WARN_BOOL_CONVERSION = YES;
				CLANG_WARN_COMMA = YES;
				CLANG_WARN_CONSTANT_CONVERSION = YES;
				CLANG_WARN_DEPRECATED_OBJC_IMPLEMENTATIONS = YES;
				CLANG_WARN_DIRECT_OBJC_ISA_USAGE = YES_ERROR;
				CLANG_WARN_DOCUMENTATION_COMMENTS = YES;
				CLANG_WARN_EMPTY_BODY = YES;
				CLANG_WARN_ENUM_CONVERSION = YES;
				CLANG_WARN_INFINITE_RECURSION = YES;
				CLANG_WARN_INT_CONVERSION = YES;
				CLANG_WARN_NON_LITERAL_NULL_CONVERSION = YES;
				CLANG_WARN_OBJC_IMPLICIT_RETAIN_SELF = YES;
				CLANG_WARN_OBJC_LITERAL_CONVERSION = YES;
				CLANG_WARN_OBJC_ROOT_CLASS = YES_ERROR;
				CLANG_WARN_QUOTED_INCLUDE_IN_FRAMEWORK_HEADER = YES;
				CLANG_WARN_RANGE_LOOP_ANALYSIS = YES;
				CLANG_WARN_STRICT_PROTOTYPES = YES;
				CLANG_WARN_SUSPICIOUS_MOVE = YES;
				CLANG_WARN_UNGUARDED_AVAILABILITY = YES_AGGRESSIVE;
				CLANG_WARN_UNREACHABLE_CODE = YES;
				CLANG_WARN__DUPLICATE_METHOD_MATCH = YES;
				COPY_PHASE_STRIP = NO;
				DEBUG_INFORMATION_FORMAT = dwarf;
				ENABLE_STRICT_OBJC_MSGSEND = YES;
				ENABLE_TESTABILITY = YES;
				GCC_C_LANGUAGE_STANDARD = gnu11;
				GCC_DYNAMIC_NO_PIC = NO;
				GCC_NO_COMMON_BLOCKS = YES;
				GCC_OPTIMIZATION_LEVEL = 0;
				GCC_PREPROCESSOR_DEFINITIONS = (
					"DEBUG=1",
					"$(inherited)",
				);
				GCC_WARN_64_TO_32_BIT_CONVERSION = YES;
				GCC_WARN_ABOUT_RETURN_TYPE = YES_ERROR;
				GCC_WARN_UNDECLARED_SELECTOR = YES;
				GCC_WARN_UNINITIALIZED_AUTOS = YES_AGGRESSIVE;
				GCC_WARN_UNUSED_FUNCTION = YES;
				GCC_WARN_UNUSED_VARIABLE = YES;
				IPHONEOS_DEPLOYMENT_TARGET = 13.0;
				MTL_ENABLE_DEBUG_INFO = INCLUDE_SOURCE;
				MTL_FAST_MATH = YES;
				ONLY_ACTIVE_ARCH = YES;
				SDKROOT = iphoneos;
				SWIFT_ACTIVE_COMPILATION_CONDITIONS = DEBUG;
				SWIFT_OPTIMIZATION_LEVEL = "-Onone";
			};
			name = Debug;
		};
		FEE814D92790490D00B577D0 /* Release */ = {
			isa = XCBuildConfiguration;
			buildSettings = {
				ALWAYS_SEARCH_USER_PATHS = NO;
				CLANG_ANALYZER_NONNULL = YES;
				CLANG_ANALYZER_NUMBER_OBJECT_CONVERSION = YES_AGGRESSIVE;
				CLANG_CXX_LANGUAGE_STANDARD = "gnu++17";
				CLANG_CXX_LIBRARY = "libc++";
				CLANG_ENABLE_MODULES = YES;
				CLANG_ENABLE_OBJC_ARC = YES;
				CLANG_ENABLE_OBJC_WEAK = YES;
				CLANG_WARN_BLOCK_CAPTURE_AUTORELEASING = YES;
				CLANG_WARN_BOOL_CONVERSION = YES;
				CLANG_WARN_COMMA = YES;
				CLANG_WARN_CONSTANT_CONVERSION = YES;
				CLANG_WARN_DEPRECATED_OBJC_IMPLEMENTATIONS = YES;
				CLANG_WARN_DIRECT_OBJC_ISA_USAGE = YES_ERROR;
				CLANG_WARN_DOCUMENTATION_COMMENTS = YES;
				CLANG_WARN_EMPTY_BODY = YES;
				CLANG_WARN_ENUM_CONVERSION = YES;
				CLANG_WARN_INFINITE_RECURSION = YES;
				CLANG_WARN_INT_CONVERSION = YES;
				CLANG_WARN_NON_LITERAL_NULL_CONVERSION = YES;
				CLANG_WARN_OBJC_IMPLICIT_RETAIN_SELF = YES;
				CLANG_WARN_OBJC_LITERAL_CONVERSION = YES;
				CLANG_WARN_OBJC_ROOT_CLASS = YES_ERROR;
				CLANG_WARN_QUOTED_INCLUDE_IN_FRAMEWORK_HEADER = YES;
				CLANG_WARN_RANGE_LOOP_ANALYSIS = YES;
				CLANG_WARN_STRICT_PROTOTYPES = YES;
				CLANG_WARN_SUSPICIOUS_MOVE = YES;
				CLANG_WARN_UNGUARDED_AVAILABILITY = YES_AGGRESSIVE;
				CLANG_WARN_UNREACHABLE_CODE = YES;
				CLANG_WARN__DUPLICATE_METHOD_MATCH = YES;
				COPY_PHASE_STRIP = NO;
				DEBUG_INFORMATION_FORMAT = "dwarf-with-dsym";
				ENABLE_NS_ASSERTIONS = NO;
				ENABLE_STRICT_OBJC_MSGSEND = YES;
				GCC_C_LANGUAGE_STANDARD = gnu11;
				GCC_NO_COMMON_BLOCKS = YES;
				GCC_WARN_64_TO_32_BIT_CONVERSION = YES;
				GCC_WARN_ABOUT_RETURN_TYPE = YES_ERROR;
				GCC_WARN_UNDECLARED_SELECTOR = YES;
				GCC_WARN_UNINITIALIZED_AUTOS = YES_AGGRESSIVE;
				GCC_WARN_UNUSED_FUNCTION = YES;
				GCC_WARN_UNUSED_VARIABLE = YES;
				IPHONEOS_DEPLOYMENT_TARGET = 13.0;
				MTL_ENABLE_DEBUG_INFO = NO;
				MTL_FAST_MATH = YES;
				SDKROOT = iphoneos;
				SWIFT_COMPILATION_MODE = wholemodule;
				SWIFT_OPTIMIZATION_LEVEL = "-O";
				VALIDATE_PRODUCT = YES;
			};
			name = Release;
		};
		FEE814DB2790490D00B577D0 /* Debug */ = {
			isa = XCBuildConfiguration;
			baseConfigurationReference = 133D26B3FEB80EF2013C5E2B /* Pods-CameraApp.debug.xcconfig */;
			buildSettings = {
				ASSETCATALOG_COMPILER_APPICON_NAME = AppIcon;
				ASSETCATALOG_COMPILER_GLOBAL_ACCENT_COLOR_NAME = AccentColor;
				CODE_SIGN_STYLE = Automatic;
				CURRENT_PROJECT_VERSION = 1;
				DEVELOPMENT_TEAM = 7NYS62N9WB;
				GENERATE_INFOPLIST_FILE = YES;
				INFOPLIST_FILE = PhotoFilter/Info.plist;
				INFOPLIST_KEY_CFBundleDisplayName = PhotoFilter;
				INFOPLIST_KEY_UIApplicationSupportsIndirectInputEvents = YES;
				INFOPLIST_KEY_UILaunchStoryboardName = LaunchScreen;
				INFOPLIST_KEY_UIMainStoryboardFile = Main;
				INFOPLIST_KEY_UISupportedInterfaceOrientations_iPad = "UIInterfaceOrientationPortrait UIInterfaceOrientationPortraitUpsideDown UIInterfaceOrientationLandscapeLeft UIInterfaceOrientationLandscapeRight";
				INFOPLIST_KEY_UISupportedInterfaceOrientations_iPhone = "UIInterfaceOrientationPortrait UIInterfaceOrientationLandscapeLeft UIInterfaceOrientationLandscapeRight";
				LD_RUNPATH_SEARCH_PATHS = (
					"$(inherited)",
					"@executable_path/Frameworks",
				);
				MARKETING_VERSION = 1.0;
				PRODUCT_BUNDLE_IDENTIFIER = com.otter618.PhotoFilter;
				PRODUCT_NAME = "$(TARGET_NAME)";
				SWIFT_EMIT_LOC_STRINGS = YES;
				SWIFT_VERSION = 5.0;
				TARGETED_DEVICE_FAMILY = "1,2";
			};
			name = Debug;
		};
		FEE814DC2790490D00B577D0 /* Release */ = {
			isa = XCBuildConfiguration;
			baseConfigurationReference = 530C5212B27678814998A8FF /* Pods-CameraApp.release.xcconfig */;
			buildSettings = {
				ASSETCATALOG_COMPILER_APPICON_NAME = AppIcon;
				ASSETCATALOG_COMPILER_GLOBAL_ACCENT_COLOR_NAME = AccentColor;
				CODE_SIGN_STYLE = Automatic;
				CURRENT_PROJECT_VERSION = 1;
				DEVELOPMENT_TEAM = 7NYS62N9WB;
				GENERATE_INFOPLIST_FILE = YES;
				INFOPLIST_FILE = PhotoFilter/Info.plist;
				INFOPLIST_KEY_CFBundleDisplayName = PhotoFilter;
				INFOPLIST_KEY_UIApplicationSupportsIndirectInputEvents = YES;
				INFOPLIST_KEY_UILaunchStoryboardName = LaunchScreen;
				INFOPLIST_KEY_UIMainStoryboardFile = Main;
				INFOPLIST_KEY_UISupportedInterfaceOrientations_iPad = "UIInterfaceOrientationPortrait UIInterfaceOrientationPortraitUpsideDown UIInterfaceOrientationLandscapeLeft UIInterfaceOrientationLandscapeRight";
				INFOPLIST_KEY_UISupportedInterfaceOrientations_iPhone = "UIInterfaceOrientationPortrait UIInterfaceOrientationLandscapeLeft UIInterfaceOrientationLandscapeRight";
				LD_RUNPATH_SEARCH_PATHS = (
					"$(inherited)",
					"@executable_path/Frameworks",
				);
				MARKETING_VERSION = 1.0;
				PRODUCT_BUNDLE_IDENTIFIER = com.otter618.PhotoFilter;
				PRODUCT_NAME = "$(TARGET_NAME)";
				SWIFT_EMIT_LOC_STRINGS = YES;
				SWIFT_VERSION = 5.0;
				TARGETED_DEVICE_FAMILY = "1,2";
			};
			name = Release;
		};
/* End XCBuildConfiguration section */

/* Begin XCConfigurationList section */
		FEE814C12790490C00B577D0 /* Build configuration list for PBXProject "PhotoFilter" */ = {
			isa = XCConfigurationList;
			buildConfigurations = (
				FEE814D82790490D00B577D0 /* Debug */,
				FEE814D92790490D00B577D0 /* Release */,
			);
			defaultConfigurationIsVisible = 0;
			defaultConfigurationName = Release;
		};
		FEE814DA2790490D00B577D0 /* Build configuration list for PBXNativeTarget "CameraApp" */ = {
			isa = XCConfigurationList;
			buildConfigurations = (
				FEE814DB2790490D00B577D0 /* Debug */,
				FEE814DC2790490D00B577D0 /* Release */,
			);
			defaultConfigurationIsVisible = 0;
			defaultConfigurationName = Release;
		};
/* End XCConfigurationList section */
	};
	rootObject = FEE814BE2790490C00B577D0 /* Project object */;
}
